
Microsoft Visual Studio Solution File, Format Version 12.00
Project("{FAE04EC0-301F-11D3-BF4B-00C04F79EFBC}") = "Resume", "Resume\Resume.csproj", "{3B716604-8E5E-4EC3-9BC0-1CD889ECE63D}"
EndProject
Project("{FAE04EC0-301F-11D3-BF4B-00C04F79EFBC}") = "Resume.Data", "Resume.Data\Resume.Data.csproj", "{54B7C0AD-8BDA-42BF-B7E8-8C70E1FC1DD5}"
EndProject
Project("{2150E333-8FDC-42A3-9474-1A3956D46DE8}") = "Tests", "Tests", "{CFF14740-2BD9-4E62-BEEB-752DD8D7D88D}"
EndProject
Project("{FAE04EC0-301F-11D3-BF4B-00C04F79EFBC}") = "Resume.Data.IntegrationTests", "Resume.Data.IntegrationTests\Resume.Data.IntegrationTests.csproj", "{CD20E632-2A67-45F4-8183-59CA54678593}"
EndProject
Global
	GlobalSection(SolutionConfigurationPlatforms) = preSolution
		Debug|Any CPU = Debug|Any CPU
		Release|Any CPU = Release|Any CPU
	EndGlobalSection
	GlobalSection(ProjectConfigurationPlatforms) = postSolution
		{3B716604-8E5E-4EC3-9BC0-1CD889ECE63D}.Debug|Any CPU.ActiveCfg = Debug|Any CPU
		{3B716604-8E5E-4EC3-9BC0-1CD889ECE63D}.Debug|Any CPU.Build.0 = Debug|Any CPU
		{3B716604-8E5E-4EC3-9BC0-1CD889ECE63D}.Release|Any CPU.ActiveCfg = Release|Any CPU
		{3B716604-8E5E-4EC3-9BC0-1CD889ECE63D}.Release|Any CPU.Build.0 = Release|Any CPU
		{54B7C0AD-8BDA-42BF-B7E8-8C70E1FC1DD5}.Debug|Any CPU.ActiveCfg = Debug|Any CPU
		{54B7C0AD-8BDA-42BF-B7E8-8C70E1FC1DD5}.Debug|Any CPU.Build.0 = Debug|Any CPU
		{54B7C0AD-8BDA-42BF-B7E8-8C70E1FC1DD5}.Release|Any CPU.ActiveCfg = Release|Any CPU
		{54B7C0AD-8BDA-42BF-B7E8-8C70E1FC1DD5}.Release|Any CPU.Build.0 = Release|Any CPU
		{CD20E632-2A67-45F4-8183-59CA54678593}.Debug|Any CPU.ActiveCfg = Debug|Any CPU
		{CD20E632-2A67-45F4-8183-59CA54678593}.Debug|Any CPU.Build.0 = Debug|Any CPU
		{CD20E632-2A67-45F4-8183-59CA54678593}.Release|Any CPU.ActiveCfg = Release|Any CPU
		{CD20E632-2A67-45F4-8183-59CA54678593}.Release|Any CPU.Build.0 = Release|Any CPU
	EndGlobalSection
	GlobalSection(NestedProjects) = preSolution
		{CD20E632-2A67-45F4-8183-59CA54678593} = {CFF14740-2BD9-4E62-BEEB-752DD8D7D88D}
	EndGlobalSection
EndGlobal
