
Microsoft Visual Studio Solution File, Format Version 12.00
Project("{FAE04EC0-301F-11D3-BF4B-00C04F79EFBC}") = "Resume", "Resume\Resume.csproj", "{3B716604-8E5E-4EC3-9BC0-1CD889ECE63D}"
EndProject
Project("{FAE04EC0-301F-11D3-BF4B-00C04F79EFBC}") = "Resume.Data", "Resume.Data\Resume.Data.csproj", "{54B7C0AD-8BDA-42BF-B7E8-8C70E1FC1DD5}"
EndProject
Global
	GlobalSection(SolutionConfigurationPlatforms) = preSolution
		Debug|Any CPU = Debug|Any CPU
		Release|Any CPU = Release|Any CPU
	EndGlobalSection
	GlobalSection(ProjectConfigurationPlatforms) = postSolution
		{3B716604-8E5E-4EC3-9BC0-1CD889ECE63D}.Debug|Any CPU.ActiveCfg = Debug|Any CPU
		{3B716604-8E5E-4EC3-9BC0-1CD889ECE63D}.Debug|Any CPU.Build.0 = Debug|Any CPU
		{3B716604-8E5E-4EC3-9BC0-1CD889ECE63D}.Release|Any CPU.ActiveCfg = Release|Any CPU
		{3B716604-8E5E-4EC3-9BC0-1CD889ECE63D}.Release|Any CPU.Build.0 = Release|Any CPU
		{3B716604-8E5E-4EC3-9BC0-1CD889ECE63D}.Debug|Any CPU.Deploy.0 = Debug|Any CPU
		{3B716604-8E5E-4EC3-9BC0-1CD889ECE63D}.Release|Any CPU.Deploy.0 = Release|Any CPU
		{54B7C0AD-8BDA-42BF-B7E8-8C70E1FC1DD5}.Debug|Any CPU.ActiveCfg = Debug|Any CPU
		{54B7C0AD-8BDA-42BF-B7E8-8C70E1FC1DD5}.Debug|Any CPU.Build.0 = Debug|Any CPU
		{54B7C0AD-8BDA-42BF-B7E8-8C70E1FC1DD5}.Release|Any CPU.ActiveCfg = Release|Any CPU
		{54B7C0AD-8BDA-42BF-B7E8-8C70E1FC1DD5}.Release|Any CPU.Build.0 = Release|Any CPU
		{54B7C0AD-8BDA-42BF-B7E8-8C70E1FC1DD5}.Debug|Any CPU.Deploy.0 = Debug|Any CPU
		{54B7C0AD-8BDA-42BF-B7E8-8C70E1FC1DD5}.Release|Any CPU.Deploy.0 = Release|Any CPU
	EndGlobalSection
	GlobalSection(NestedProjects) = preSolution
	EndGlobalSection
EndGlobal
